# This file is autogenerated, do not edit; changes may be undone by the next 'dep ensure'.


[[projects]]
  branch = "master"
  name = "github.com/Yawning/chacha20"
  packages = ["."]
  revision = "e3b1f968fc6397b51d963fee8ec8711a47bc0ce8"

[[projects]]
  branch = "master"
  name = "github.com/google/btree"
  packages = ["."]
  revision = "316fb6d3f031ae8f4d457c6c5186b9e3ded70435"

[[projects]]
  name = "github.com/op/go-logging"
  packages = ["."]
  revision = "b2cb9fa56473e98db8caba80237377e83fe44db5"
  version = "v1"

[[projects]]
  branch = "master"
  name = "github.com/petar/GoLLRB"
  packages = ["llrb"]
  revision = "53be0d36a84c2a886ca057d34b6aa4468df9ccb4"

[[projects]]
  name = "github.com/pkg/errors"
  packages = ["."]
  revision = "645ef00459ed84a119197bfb8d8205042c6df63d"
  version = "v0.8.0"

[[projects]]
  name = "github.com/rs/cors"
  packages = ["."]
  revision = "7af7a1e09ba336d2ea14b1ce73bf693c6837dbf6"
  version = "v1.2"

[[projects]]
  name = "github.com/shadowsocks/shadowsocks-go"
  packages = ["shadowsocks"]
  revision = "97a5c71f80ba5f5b3e549f14a619fe557ff4f3c9"
  version = "1.2.1"

[[projects]]
  name = "github.com/sirupsen/logrus"
  packages = ["."]
  revision = "f006c2ac4710855cf0f916dd6b77acf6b048dc6e"
  version = "v1.0.3"

[[projects]]
  branch = "master"
  name = "github.com/skycoin/net"
  packages = ["client","conn","factory","msg","server","skycoin-messenger/factory","skycoin-messenger/monitor"]
  revision = "144c0b0b20c5952bcfed2f36e71ed416e0218be2"

[[projects]]
  name = "github.com/skycoin/skycoin"
  packages = ["src/cipher","src/cipher/base58","src/cipher/chacha20","src/cipher/go-bip39","src/cipher/ripemd160","src/cipher/secp256k1-go","src/cipher/secp256k1-go/secp256k1-go2","src/util/file","src/util/logging"]
  revision = "b200e2c40ebbce316ae2f40e68d9dd7ff907da33"
  version = "v0.20.3"

[[projects]]
  branch = "master"
  name = "golang.org/x/crypto"
  packages = ["blowfish","cast5","pbkdf2","salsa20/salsa","ssh/terminal"]
  revision = "edd5e9b0879d13ee6970a50153d85b8fec9f7686"

[[projects]]
  branch = "master"
  name = "golang.org/x/sys"
  packages = ["unix","windows"]
  revision = "8dbc5d05d6edcc104950cc299a1ce6641235bc86"

[solve-meta]
  analyzer-name = "dep"
  analyzer-version = 1
  inputs-digest = "c1fefb38ce9204aed36091394ad21486810a9460123283ef325d2d5c8b2b6466"
  solver-name = "gps-cdcl"
  solver-version = 1
